{
  "name": "curso-node",
  "version": "1.0.0",
  "lockfileVersion": 2,
  "requires": true,
  "packages": {
    "": {
      "name": "curso-node",
      "version": "1.0.0",
      "license": "ISC",
      "dependencies": {
        "has-flag": "^5.0.1"
      }
    },
    "node_modules/has-flag": {
      "version": "5.0.1",
      "resolved": "https://registry.npmjs.org/has-flag/-/has-flag-5.0.1.tgz",
      "integrity": "sha512-CsNUt5x9LUdx6hnk/E2SZLsDyvfqANZSUq4+D3D8RzDJ2M+HDTIkF60ibS1vHaK55vzgiZw1bEPFG9yH7l33wA==",
      "engines": {
        "node": ">=12"
      },
      "funding": {
        "url": "https://github.com/sponsors/sindresorhus"
      }
    }
  },
  "dependencies": {
    "has-flag": {
      "version": "5.0.1",
      "resolved": "https://registry.npmjs.org/has-flag/-/has-flag-5.0.1.tgz",
      "integrity": "sha512-CsNUt5x9LUdx6hnk/E2SZLsDyvfqANZSUq4+D3D8RzDJ2M+HDTIkF60ibS1vHaK55vzgiZw1bEPFG9yH7l33wA=="
    }
  }
}
